
Microsoft Visual Studio Solution File, Format Version 12.00
# Visual Studio 15
VisualStudioVersion = 15.0.27130.2024
MinimumVisualStudioVersion = 10.0.40219.1
Project("{FAE04EC0-301F-11D3-BF4B-00C04F79EFBC}") = "harp", "harp\harp.csproj", "{D83E483D-BD28-4F1D-8E39-7C3089F0E741}"
EndProject
Global
	GlobalSection(SolutionConfigurationPlatforms) = preSolution
		Debug|Any CPU = Debug|Any CPU
		Release|Any CPU = Release|Any CPU
	EndGlobalSection
	GlobalSection(ProjectConfigurationPlatforms) = postSolution
		{D83E483D-BD28-4F1D-8E39-7C3089F0E741}.Debug|Any CPU.ActiveCfg = Debug|Any CPU
		{D83E483D-BD28-4F1D-8E39-7C3089F0E741}.Debug|Any CPU.Build.0 = Debug|Any CPU
		{D83E483D-BD28-4F1D-8E39-7C3089F0E741}.Release|Any CPU.ActiveCfg = Release|Any CPU
		{D83E483D-BD28-4F1D-8E39-7C3089F0E741}.Release|Any CPU.Build.0 = Release|Any CPU
	EndGlobalSection
	GlobalSection(SolutionProperties) = preSolution
		HideSolutionNode = FALSE
	EndGlobalSection
	GlobalSection(ExtensibilityGlobals) = postSolution
		SolutionGuid = {ADE3C164-3B87-4DA1-9DA1-E01D56EE6777}
	EndGlobalSection
EndGlobal
